<Solution>
  <Project Path="PDVnet.ControleCaixa.Business/PDVnet.ControleCaixa.Business.csproj" />
  <Project Path="PDVnet.ControleCaixa.Data/PDVnet.ControleCaixa.Data.csproj" />
  <Project Path="PDVnet.ControleCaixa.Model/PDVnet.ControleCaixa.Model.csproj" />
  <Project Path="PDVnet.ControleCaixa.UI/PDVnet.ControleCaixa.UI.csproj" />
</Solution>
